
Microsoft Visual Studio Solution File, Format Version 12.00
Project("{FAE04EC0-301F-11D3-BF4B-00C04F79EFBC}") = "web_ecommerce", "web_ecommerce\web_ecommerce.csproj", "{B9F15C5A-925B-4EF1-A508-10F5C639D35A}"
EndProject
Global
	GlobalSection(SolutionConfigurationPlatforms) = preSolution
		Debug|Any CPU = Debug|Any CPU
		Release|Any CPU = Release|Any CPU
	EndGlobalSection
	GlobalSection(ProjectConfigurationPlatforms) = postSolution
		{B9F15C5A-925B-4EF1-A508-10F5C639D35A}.Debug|Any CPU.ActiveCfg = Debug|Any CPU
		{B9F15C5A-925B-4EF1-A508-10F5C639D35A}.Debug|Any CPU.Build.0 = Debug|Any CPU
		{B9F15C5A-925B-4EF1-A508-10F5C639D35A}.Release|Any CPU.ActiveCfg = Release|Any CPU
		{B9F15C5A-925B-4EF1-A508-10F5C639D35A}.Release|Any CPU.Build.0 = Release|Any CPU
	EndGlobalSection
EndGlobal
